// !$*UTF8*$!
{
	archiveVersion = 1;
	classes = {
	};
	objectVersion = 77;
	objects = {

/* Begin PBXContainerItemProxy section */
		88DE5F082C9B990600A8C752 /* PBXContainerItemProxy */ = {
			isa = PBXContainerItemProxy;
			containerPortal = 88DE5EE82C9B990200A8C752 /* Project object */;
			proxyType = 1;
			remoteGlobalIDString = 88DE5EEF2C9B990200A8C752;
			remoteInfo = "Finance Tracker";
		};
		88DE5F122C9B990600A8C752 /* PBXContainerItemProxy */ = {
			isa = PBXContainerItemProxy;
			containerPortal = 88DE5EE82C9B990200A8C752 /* Project object */;
			proxyType = 1;
			remoteGlobalIDString = 88DE5EEF2C9B990200A8C752;
			remoteInfo = "Finance Tracker";
		};
/* End PBXContainerItemProxy section */

/* Begin PBXFileReference section */
		88DE5EF02C9B990200A8C752 /* Finance Tracker.app */ = {isa = PBXFileReference; explicitFileType = wrapper.application; includeInIndex = 0; path = "Finance Tracker.app"; sourceTree = BUILT_PRODUCTS_DIR; };
		88DE5F072C9B990600A8C752 /* Finance TrackerTests.xctest */ = {isa = PBXFileReference; explicitFileType = wrapper.cfbundle; includeInIndex = 0; path = "Finance TrackerTests.xctest"; sourceTree = BUILT_PRODUCTS_DIR; };
		88DE5F112C9B990600A8C752 /* Finance TrackerUITests.xctest */ = {isa = PBXFileReference; explicitFileType = wrapper.cfbundle; includeInIndex = 0; path = "Finance TrackerUITests.xctest"; sourceTree = BUILT_PRODUCTS_DIR; };
/* End PBXFileReference section */

/* Begin PBXFileSystemSynchronizedBuildFileExceptionSet section */
		88DE5F192C9B990600A8C752 /* Exceptions for "Finance Tracker" folder in "Finance Tracker" target */ = {
			isa = PBXFileSystemSynchronizedBuildFileExceptionSet;
			membershipExceptions = (
				Info.plist,
			);
			target = 88DE5EEF2C9B990200A8C752 /* Finance Tracker */;
		};
/* End PBXFileSystemSynchronizedBuildFileExceptionSet section */

/* Begin PBXFileSystemSynchronizedRootGroup section */
		88DE5EF22C9B990200A8C752 /* Finance Tracker */ = {
			isa = PBXFileSystemSynchronizedRootGroup;
			exceptions = (
				88DE5F192C9B990600A8C752 /* Exceptions for "Finance Tracker" folder in "Finance Tracker" target */,
			);
			path = "Finance Tracker";
			sourceTree = "<group>";
		};
		88DE5F0A2C9B990600A8C752 /* Finance TrackerTests */ = {
			isa = PBXFileSystemSynchronizedRootGroup;
			path = "Finance TrackerTests";
			sourceTree = "<group>";
		};
		88DE5F142C9B990600A8C752 /* Finance TrackerUITests */ = {
			isa = PBXFileSystemSynchronizedRootGroup;
			path = "Finance TrackerUITests";
			sourceTree = "<group>";
		};
/* End PBXFileSystemSynchronizedRootGroup section */

/* Begin PBXFrameworksBuildPhase section */
		88DE5EED2C9B990200A8C752 /* Frameworks */ = {
			isa = PBXFrameworksBuildPhase;
			buildActionMask = 2147483647;
			files = (
			);
			runOnlyForDeploymentPostprocessing = 0;
		};
		88DE5F042C9B990600A8C752 /* Frameworks */ = {
			isa = PBXFrameworksBuildPhase;
			buildActionMask = 2147483647;
			files = (
			);
			runOnlyForDeploymentPostprocessing = 0;
		};
		88DE5F0E2C9B990600A8C752 /* Frameworks */ = {
			isa = PBXFrameworksBuildPhase;
			buildActionMask = 2147483647;
			files = (
			);
			runOnlyForDeploymentPostprocessing = 0;
		};
/* End PBXFrameworksBuildPhase section */

/* Begin PBXGroup section */
		88DE5EE72C9B990200A8C752 = {
			isa = PBXGroup;
			children = (
				88DE5EF22C9B990200A8C752 /* Finance Tracker */,
				88DE5F0A2C9B990600A8C752 /* Finance TrackerTests */,
				88DE5F142C9B990600A8C752 /* Finance TrackerUITests */,
				88DE5EF12C9B990200A8C752 /* Products */,
			);
			sourceTree = "<group>";
		};
		88DE5EF12C9B990200A8C752 /* Products */ = {
			isa = PBXGroup;
			children = (
				88DE5EF02C9B990200A8C752 /* Finance Tracker.app */,
				88DE5F072C9B990600A8C752 /* Finance TrackerTests.xctest */,
				88DE5F112C9B990600A8C752 /* Finance TrackerUITests.xctest */,
			);
			name = Products;
			sourceTree = "<group>";
		};
/* End PBXGroup section */

/* Begin PBXNativeTarget section */
		88DE5EEF2C9B990200A8C752 /* Finance Tracker */ = {
			isa = PBXNativeTarget;
			buildConfigurationList = 88DE5F1A2C9B990600A8C752 /* Build configuration list for PBXNativeTarget "Finance Tracker" */;
			buildPhases = (
				88DE5EEC2C9B990200A8C752 /* Sources */,
				88DE5EED2C9B990200A8C752 /* Frameworks */,
				88DE5EEE2C9B990200A8C752 /* Resources */,
			);
			buildRules = (
			);
			dependencies = (
			);
			fileSystemSynchronizedGroups = (
				88DE5EF22C9B990200A8C752 /* Finance Tracker */,
			);
			name = "Finance Tracker";
			packageProductDependencies = (
			);
			productName = "Finance Tracker";
			productReference = 88DE5EF02C9B990200A8C752 /* Finance Tracker.app */;
			productType = "com.apple.product-type.application";
		};
		88DE5F062C9B990600A8C752 /* Finance TrackerTests */ = {
			isa = PBXNativeTarget;
			buildConfigurationList = 88DE5F1F2C9B990600A8C752 /* Build configuration list for PBXNativeTarget "Finance TrackerTests" */;
			buildPhases = (
				88DE5F032C9B990600A8C752 /* Sources */,
				88DE5F042C9B990600A8C752 /* Frameworks */,
				88DE5F052C9B990600A8C752 /* Resources */,
			);
			buildRules = (
			);
			dependencies = (
				88DE5F092C9B990600A8C752 /* PBXTargetDependency */,
			);
			fileSystemSynchronizedGroups = (
				88DE5F0A2C9B990600A8C752 /* Finance TrackerTests */,
			);
			name = "Finance TrackerTests";
			packageProductDependencies = (
			);
			productName = "Finance TrackerTests";
			productReference = 88DE5F072C9B990600A8C752 /* Finance TrackerTests.xctest */;
			productType = "com.apple.product-type.bundle.unit-test";
		};
		88DE5F102C9B990600A8C752 /* Finance TrackerUITests */ = {
			isa = PBXNativeTarget;
			buildConfigurationList = 88DE5F222C9B990600A8C752 /* Build configuration list for PBXNativeTarget "Finance TrackerUITests" */;
			buildPhases = (
				88DE5F0D2C9B990600A8C752 /* Sources */,
				88DE5F0E2C9B990600A8C752 /* Frameworks */,
				88DE5F0F2C9B990600A8C752 /* Resources */,
			);
			buildRules = (
			);
			dependencies = (
				88DE5F132C9B990600A8C752 /* PBXTargetDependency */,
			);
			fileSystemSynchronizedGroups = (
				88DE5F142C9B990600A8C752 /* Finance TrackerUITests */,
			);
			name = "Finance TrackerUITests";
			packageProductDependencies = (
			);
			productName = "Finance TrackerUITests";
			productReference = 88DE5F112C9B990600A8C752 /* Finance TrackerUITests.xctest */;
			productType = "com.apple.product-type.bundle.ui-testing";
		};
/* End PBXNativeTarget section */

/* Begin PBXProject section */
		88DE5EE82C9B990200A8C752 /* Project object */ = {
			isa = PBXProject;
			attributes = {
				BuildIndependentTargetsInParallel = 1;
				LastSwiftUpdateCheck = 1600;
				LastUpgradeCheck = 1600;
				TargetAttributes = {
					88DE5EEF2C9B990200A8C752 = {
						CreatedOnToolsVersion = 16.0;
					};
					88DE5F062C9B990600A8C752 = {
						CreatedOnToolsVersion = 16.0;
						TestTargetID = 88DE5EEF2C9B990200A8C752;
					};
					88DE5F102C9B990600A8C752 = {
						CreatedOnToolsVersion = 16.0;
						TestTargetID = 88DE5EEF2C9B990200A8C752;
					};
				};
			};
			buildConfigurationList = 88DE5EEB2C9B990200A8C752 /* Build configuration list for PBXProject "Finance Tracker" */;
			developmentRegion = en;
			hasScannedForEncodings = 0;
			knownRegions = (
				en,
				Base,
			);
			mainGroup = 88DE5EE72C9B990200A8C752;
			minimizedProjectReferenceProxies = 1;
			preferredProjectObjectVersion = 77;
			productRefGroup = 88DE5EF12C9B990200A8C752 /* Products */;
			projectDirPath = "";
			projectRoot = "";
			targets = (
				88DE5EEF2C9B990200A8C752 /* Finance Tracker */,
				88DE5F062C9B990600A8C752 /* Finance TrackerTests */,
				88DE5F102C9B990600A8C752 /* Finance TrackerUITests */,
			);
		};
/* End PBXProject section */

/* Begin PBXResourcesBuildPhase section */
		88DE5EEE2C9B990200A8C752 /* Resources */ = {
			isa = PBXResourcesBuildPhase;
			buildActionMask = 2147483647;
			files = (
			);
			runOnlyForDeploymentPostprocessing = 0;
		};
		88DE5F052C9B990600A8C752 /* Resources */ = {
			isa = PBXResourcesBuildPhase;
			buildActionMask = 2147483647;
			files = (
			);
			runOnlyForDeploymentPostprocessing = 0;
		};
		88DE5F0F2C9B990600A8C752 /* Resources */ = {
			isa = PBXResourcesBuildPhase;
			buildActionMask = 2147483647;
			files = (
			);
			runOnlyForDeploymentPostprocessing = 0;
		};
/* End PBXResourcesBuildPhase section */

/* Begin PBXSourcesBuildPhase section */
		88DE5EEC2C9B990200A8C752 /* Sources */ = {
			isa = PBXSourcesBuildPhase;
			buildActionMask = 2147483647;
			files = (
			);
			runOnlyForDeploymentPostprocessing = 0;
		};
		88DE5F032C9B990600A8C752 /* Sources */ = {
			isa = PBXSourcesBuildPhase;
			buildActionMask = 2147483647;
			files = (
			);
			runOnlyForDeploymentPostprocessing = 0;
		};
		88DE5F0D2C9B990600A8C752 /* Sources */ = {
			isa = PBXSourcesBuildPhase;
			buildActionMask = 2147483647;
			files = (
			);
			runOnlyForDeploymentPostprocessing = 0;
		};
/* End PBXSourcesBuildPhase section */

/* Begin PBXTargetDependency section */
		88DE5F092C9B990600A8C752 /* PBXTargetDependency */ = {
			isa = PBXTargetDependency;
			target = 88DE5EEF2C9B990200A8C752 /* Finance Tracker */;
			targetProxy = 88DE5F082C9B990600A8C752 /* PBXContainerItemProxy */;
		};
		88DE5F132C9B990600A8C752 /* PBXTargetDependency */ = {
			isa = PBXTargetDependency;
			target = 88DE5EEF2C9B990200A8C752 /* Finance Tracker */;
			targetProxy = 88DE5F122C9B990600A8C752 /* PBXContainerItemProxy */;
		};
/* End PBXTargetDependency section */

/* Begin XCBuildConfiguration section */
		88DE5F1B2C9B990600A8C752 /* Debug */ = {
			isa = XCBuildConfiguration;
			buildSettings = {
				ASSETCATALOG_COMPILER_APPICON_NAME = AppIcon;
				ASSETCATALOG_COMPILER_GLOBAL_ACCENT_COLOR_NAME = AccentColor;
				CODE_SIGN_ENTITLEMENTS = "Finance Tracker/Finance_Tracker.entitlements";
				CODE_SIGN_STYLE = Automatic;
				CURRENT_PROJECT_VERSION = 1;
				DEVELOPMENT_ASSET_PATHS = "\"Finance Tracker/Preview Content\"";
				ENABLE_PREVIEWS = YES;
				GENERATE_INFOPLIST_FILE = YES;
				INFOPLIST_FILE = "Finance Tracker/Info.plist";
				INFOPLIST_KEY_UIApplicationSceneManifest_Generation = YES;
				INFOPLIST_KEY_UIApplicationSupportsIndirectInputEvents = YES;
				INFOPLIST_KEY_UILaunchScreen_Generation = YES;
				INFOPLIST_KEY_UISupportedInterfaceOrientations_iPad = "UIInterfaceOrientationPortrait UIInterfaceOrientationPortraitUpsideDown UIInterfaceOrientationLandscapeLeft UIInterfaceOrientationLandscapeRight";
				INFOPLIST_KEY_UISupportedInterfaceOrientations_iPhone = "UIInterfaceOrientationPortrait UIInterfaceOrientationLandscapeLeft UIInterfaceOrientationLandscapeRight";
				LD_RUNPATH_SEARCH_PATHS = (
					"$(inherited)",
					"@executable_path/Frameworks",
				);
				MARKETING_VERSION = 1.0;
				PRODUCT_BUNDLE_IDENTIFIER = "Personal.Finance-Tracker";
				PRODUCT_NAME = "$(TARGET_NAME)";
				SWIFT_EMIT_LOC_STRINGS = YES;
				SWIFT_VERSION = 5.0;
				TARGETED_DEVICE_FAMILY = "1,2";
			};
			name = Debug;
		};
		88DE5F1C2C9B990600A8C752 /* Release */ = {
			isa = XCBuildConfiguration;
			buildSettings = {
				ASSETCATALOG_COMPILER_APPICON_NAME = AppIcon;
				ASSETCATALOG_COMPILER_GLOBAL_ACCENT_COLOR_NAME = AccentColor;
				CODE_SIGN_ENTITLEMENTS = "Finance Tracker/Finance_Tracker.entitlements";
				CODE_SIGN_STYLE = Automatic;
				CURRENT_PROJECT_VERSION = 1;
				DEVELOPMENT_ASSET_PATHS = "\"Finance Tracker/Preview Content\"";
				ENABLE_PREVIEWS = YES;
				GENERATE_INFOPLIST_FILE = YES;
				INFOPLIST_FILE = "Finance Tracker/Info.plist";
				INFOPLIST_KEY_UIApplicationSceneManifest_Generation = YES;
				INFOPLIST_KEY_UIApplicationSupportsIndirectInputEvents = YES;
				INFOPLIST_KEY_UILaunchScreen_Generation = YES;
				INFOPLIST_KEY_UISupportedInterfaceOrientations_iPad = "UIInterfaceOrientationPortrait UIInterfaceOrientationPortraitUpsideDown UIInterfaceOrientationLandscapeLeft UIInterfaceOrientationLandscapeRight";
				INFOPLIST_KEY_UISupportedInterfaceOrientations_iPhone = "UIInterfaceOrientationPortrait UIInterfaceOrientationLandscapeLeft UIInterfaceOrientationLandscapeRight";
				LD_RUNPATH_SEARCH_PATHS = (
					"$(inherited)",
					"@executable_path/Frameworks",
				);
				MARKETING_VERSION = 1.0;
				PRODUCT_BUNDLE_IDENTIFIER = "Personal.Finance-Tracker";
				PRODUCT_NAME = "$(TARGET_NAME)";
				SWIFT_EMIT_LOC_STRINGS = YES;
				SWIFT_VERSION = 5.0;
				TARGETED_DEVICE_FAMILY = "1,2";
			};
			name = Release;
		};
		88DE5F1D2C9B990600A8C752 /* Debug */ = {
			isa = XCBuildConfiguration;
			buildSettings = {
				ALWAYS_SEARCH_USER_PATHS = NO;
				ASSETCATALOG_COMPILER_GENERATE_SWIFT_ASSET_SYMBOL_EXTENSIONS = YES;
				CLANG_ANALYZER_NONNULL = YES;
				CLANG_ANALYZER_NUMBER_OBJECT_CONVERSION = YES_AGGRESSIVE;
				CLANG_CXX_LANGUAGE_STANDARD = "gnu++20";
				CLANG_ENABLE_MODULES = YES;
				CLANG_ENABLE_OBJC_ARC = YES;
				CLANG_ENABLE_OBJC_WEAK = YES;
				CLANG_WARN_BLOCK_CAPTURE_AUTORELEASING = YES;
				CLANG_WARN_BOOL_CONVERSION = YES;
				CLANG_WARN_COMMA = YES;
				CLANG_WARN_CONSTANT_CONVERSION = YES;
				CLANG_WARN_DEPRECATED_OBJC_IMPLEMENTATIONS = YES;
				CLANG_WARN_DIRECT_OBJC_ISA_USAGE = YES_ERROR;
				CLANG_WARN_DOCUMENTATION_COMMENTS = YES;
				CLANG_WARN_EMPTY_BODY = YES;
				CLANG_WARN_ENUM_CONVERSION = YES;
				CLANG_WARN_INFINITE_RECURSION = YES;
				CLANG_WARN_INT_CONVERSION = YES;
				CLANG_WARN_NON_LITERAL_NULL_CONVERSION = YES;
				CLANG_WARN_OBJC_IMPLICIT_RETAIN_SELF = YES;
				CLANG_WARN_OBJC_LITERAL_CONVERSION = YES;
				CLANG_WARN_OBJC_ROOT_CLASS = YES_ERROR;
				CLANG_WARN_QUOTED_INCLUDE_IN_FRAMEWORK_HEADER = YES;
				CLANG_WARN_RANGE_LOOP_ANALYSIS = YES;
				CLANG_WARN_STRICT_PROTOTYPES = YES;
				CLANG_WARN_SUSPICIOUS_MOVE = YES;
				CLANG_WARN_UNGUARDED_AVAILABILITY = YES_AGGRESSIVE;
				CLANG_WARN_UNREACHABLE_CODE = YES;
				CLANG_WARN__DUPLICATE_METHOD_MATCH = YES;
				COPY_PHASE_STRIP = NO;
				DEBUG_INFORMATION_FORMAT = dwarf;
				ENABLE_STRICT_OBJC_MSGSEND = YES;
				ENABLE_TESTABILITY = YES;
				ENABLE_USER_SCRIPT_SANDBOXING = YES;
				GCC_C_LANGUAGE_STANDARD = gnu17;
				GCC_DYNAMIC_NO_PIC = NO;
				GCC_NO_COMMON_BLOCKS = YES;
				GCC_OPTIMIZATION_LEVEL = 0;
				GCC_PREPROCESSOR_DEFINITIONS = (
					"DEBUG=1",
					"$(inherited)",
				);
				GCC_WARN_64_TO_32_BIT_CONVERSION = YES;
				GCC_WARN_ABOUT_RETURN_TYPE = YES_ERROR;
				GCC_WARN_UNDECLARED_SELECTOR = YES;
				GCC_WARN_UNINITIALIZED_AUTOS = YES_AGGRESSIVE;
				GCC_WARN_UNUSED_FUNCTION = YES;
				GCC_WARN_UNUSED_VARIABLE = YES;
				IPHONEOS_DEPLOYMENT_TARGET = 18.0;
				LOCALIZATION_PREFERS_STRING_CATALOGS = YES;
				MTL_ENABLE_DEBUG_INFO = INCLUDE_SOURCE;
				MTL_FAST_MATH = YES;
				ONLY_ACTIVE_ARCH = YES;
				SDKROOT = iphoneos;
				SWIFT_ACTIVE_COMPILATION_CONDITIONS = "DEBUG $(inherited)";
				SWIFT_OPTIMIZATION_LEVEL = "-Onone";
			};
			name = Debug;
		};
		88DE5F1E2C9B990600A8C752 /* Release */ = {
			isa = XCBuildConfiguration;
			buildSettings = {
				ALWAYS_SEARCH_USER_PATHS = NO;
				ASSETCATALOG_COMPILER_GENERATE_SWIFT_ASSET_SYMBOL_EXTENSIONS = YES;
				CLANG_ANALYZER_NONNULL = YES;
				CLANG_ANALYZER_NUMBER_OBJECT_CONVERSION = YES_AGGRESSIVE;
				CLANG_CXX_LANGUAGE_STANDARD = "gnu++20";
				CLANG_ENABLE_MODULES = YES;
				CLANG_ENABLE_OBJC_ARC = YES;
				CLANG_ENABLE_OBJC_WEAK = YES;
				CLANG_WARN_BLOCK_CAPTURE_AUTORELEASING = YES;
				CLANG_WARN_BOOL_CONVERSION = YES;
				CLANG_WARN_COMMA = YES;
				CLANG_WARN_CONSTANT_CONVERSION = YES;
				CLANG_WARN_DEPRECATED_OBJC_IMPLEMENTATIONS = YES;
				CLANG_WARN_DIRECT_OBJC_ISA_USAGE = YES_ERROR;
				CLANG_WARN_DOCUMENTATION_COMMENTS = YES;
				CLANG_WARN_EMPTY_BODY = YES;
				CLANG_WARN_ENUM_CONVERSION = YES;
				CLANG_WARN_INFINITE_RECURSION = YES;
				CLANG_WARN_INT_CONVERSION = YES;
				CLANG_WARN_NON_LITERAL_NULL_CONVERSION = YES;
				CLANG_WARN_OBJC_IMPLICIT_RETAIN_SELF = YES;
				CLANG_WARN_OBJC_LITERAL_CONVERSION = YES;
				CLANG_WARN_OBJC_ROOT_CLASS = YES_ERROR;
				CLANG_WARN_QUOTED_INCLUDE_IN_FRAMEWORK_HEADER = YES;
				CLANG_WARN_RANGE_LOOP_ANALYSIS = YES;
				CLANG_WARN_STRICT_PROTOTYPES = YES;
				CLANG_WARN_SUSPICIOUS_MOVE = YES;
				CLANG_WARN_UNGUARDED_AVAILABILITY = YES_AGGRESSIVE;
				CLANG_WARN_UNREACHABLE_CODE = YES;
				CLANG_WARN__DUPLICATE_METHOD_MATCH = YES;
				COPY_PHASE_STRIP = NO;
				DEBUG_INFORMATION_FORMAT = "dwarf-with-dsym";
				ENABLE_NS_ASSERTIONS = NO;
				ENABLE_STRICT_OBJC_MSGSEND = YES;
				ENABLE_USER_SCRIPT_SANDBOXING = YES;
				GCC_C_LANGUAGE_STANDARD = gnu17;
				GCC_NO_COMMON_BLOCKS = YES;
				GCC_WARN_64_TO_32_BIT_CONVERSION = YES;
				GCC_WARN_ABOUT_RETURN_TYPE = YES_ERROR;
				GCC_WARN_UNDECLARED_SELECTOR = YES;
				GCC_WARN_UNINITIALIZED_AUTOS = YES_AGGRESSIVE;
				GCC_WARN_UNUSED_FUNCTION = YES;
				GCC_WARN_UNUSED_VARIABLE = YES;
				IPHONEOS_DEPLOYMENT_TARGET = 18.0;
				LOCALIZATION_PREFERS_STRING_CATALOGS = YES;
				MTL_ENABLE_DEBUG_INFO = NO;
				MTL_FAST_MATH = YES;
				SDKROOT = iphoneos;
				SWIFT_COMPILATION_MODE = wholemodule;
				VALIDATE_PRODUCT = YES;
			};
			name = Release;
		};
		88DE5F202C9B990600A8C752 /* Debug */ = {
			isa = XCBuildConfiguration;
			buildSettings = {
				BUNDLE_LOADER = "$(TEST_HOST)";
				CODE_SIGN_STYLE = Automatic;
				CURRENT_PROJECT_VERSION = 1;
				GENERATE_INFOPLIST_FILE = YES;
				IPHONEOS_DEPLOYMENT_TARGET = 18.0;
				MARKETING_VERSION = 1.0;
				PRODUCT_BUNDLE_IDENTIFIER = "Personal.Finance-TrackerTests";
				PRODUCT_NAME = "$(TARGET_NAME)";
				SWIFT_EMIT_LOC_STRINGS = NO;
				SWIFT_VERSION = 5.0;
				TARGETED_DEVICE_FAMILY = "1,2";
				TEST_HOST = "$(BUILT_PRODUCTS_DIR)/Finance Tracker.app/$(BUNDLE_EXECUTABLE_FOLDER_PATH)/Finance Tracker";
			};
			name = Debug;
		};
		88DE5F212C9B990600A8C752 /* Release */ = {
			isa = XCBuildConfiguration;
			buildSettings = {
				BUNDLE_LOADER = "$(TEST_HOST)";
				CODE_SIGN_STYLE = Automatic;
				CURRENT_PROJECT_VERSION = 1;
				GENERATE_INFOPLIST_FILE = YES;
				IPHONEOS_DEPLOYMENT_TARGET = 18.0;
				MARKETING_VERSION = 1.0;
				PRODUCT_BUNDLE_IDENTIFIER = "Personal.Finance-TrackerTests";
				PRODUCT_NAME = "$(TARGET_NAME)";
				SWIFT_EMIT_LOC_STRINGS = NO;
				SWIFT_VERSION = 5.0;
				TARGETED_DEVICE_FAMILY = "1,2";
				TEST_HOST = "$(BUILT_PRODUCTS_DIR)/Finance Tracker.app/$(BUNDLE_EXECUTABLE_FOLDER_PATH)/Finance Tracker";
			};
			name = Release;
		};
		88DE5F232C9B990600A8C752 /* Debug */ = {
			isa = XCBuildConfiguration;
			buildSettings = {
				CODE_SIGN_STYLE = Automatic;
				CURRENT_PROJECT_VERSION = 1;
				GENERATE_INFOPLIST_FILE = YES;
				MARKETING_VERSION = 1.0;
				PRODUCT_BUNDLE_IDENTIFIER = "Personal.Finance-TrackerUITests";
				PRODUCT_NAME = "$(TARGET_NAME)";
				SWIFT_EMIT_LOC_STRINGS = NO;
				SWIFT_VERSION = 5.0;
				TARGETED_DEVICE_FAMILY = "1,2";
				TEST_TARGET_NAME = "Finance Tracker";
			};
			name = Debug;
		};
		88DE5F242C9B990600A8C752 /* Release */ = {
			isa = XCBuildConfiguration;
			buildSettings = {
				CODE_SIGN_STYLE = Automatic;
				CURRENT_PROJECT_VERSION = 1;
				GENERATE_INFOPLIST_FILE = YES;
				MARKETING_VERSION = 1.0;
				PRODUCT_BUNDLE_IDENTIFIER = "Personal.Finance-TrackerUITests";
				PRODUCT_NAME = "$(TARGET_NAME)";
				SWIFT_EMIT_LOC_STRINGS = NO;
				SWIFT_VERSION = 5.0;
				TARGETED_DEVICE_FAMILY = "1,2";
				TEST_TARGET_NAME = "Finance Tracker";
			};
			name = Release;
		};
/* End XCBuildConfiguration section */

/* Begin XCConfigurationList section */
		88DE5EEB2C9B990200A8C752 /* Build configuration list for PBXProject "Finance Tracker" */ = {
			isa = XCConfigurationList;
			buildConfigurations = (
				88DE5F1D2C9B990600A8C752 /* Debug */,
				88DE5F1E2C9B990600A8C752 /* Release */,
			);
			defaultConfigurationIsVisible = 0;
			defaultConfigurationName = Release;
		};
		88DE5F1A2C9B990600A8C752 /* Build configuration list for PBXNativeTarget "Finance Tracker" */ = {
			isa = XCConfigurationList;
			buildConfigurations = (
				88DE5F1B2C9B990600A8C752 /* Debug */,
				88DE5F1C2C9B990600A8C752 /* Release */,
			);
			defaultConfigurationIsVisible = 0;
			defaultConfigurationName = Release;
		};
		88DE5F1F2C9B990600A8C752 /* Build configuration list for PBXNativeTarget "Finance TrackerTests" */ = {
			isa = XCConfigurationList;
			buildConfigurations = (
				88DE5F202C9B990600A8C752 /* Debug */,
				88DE5F212C9B990600A8C752 /* Release */,
			);
			defaultConfigurationIsVisible = 0;
			defaultConfigurationName = Release;
		};
		88DE5F222C9B990600A8C752 /* Build configuration list for PBXNativeTarget "Finance TrackerUITests" */ = {
			isa = XCConfigurationList;
			buildConfigurations = (
				88DE5F232C9B990600A8C752 /* Debug */,
				88DE5F242C9B990600A8C752 /* Release */,
			);
			defaultConfigurationIsVisible = 0;
			defaultConfigurationName = Release;
		};
/* End XCConfigurationList section */
	};
	rootObject = 88DE5EE82C9B990200A8C752 /* Project object */;
}
